
Microsoft Visual Studio Solution File, Format Version 12.00
# Visual Studio Version 17
VisualStudioVersion = 17.5.33516.290
MinimumVisualStudioVersion = 10.0.40219.1
Project("{FAE04EC0-301F-11D3-BF4B-00C04F79EFBC}") = "DataAccess", "DataAccess\DataAccess.csproj", "{CF89C7E3-9445-4D0C-B7D3-DF00515CF0D9}"
EndProject
Project("{FAE04EC0-301F-11D3-BF4B-00C04F79EFBC}") = "Business", "Business\Business.csproj", "{4779F164-807B-46D7-8973-B971746F055C}"
EndProject
Project("{FAE04EC0-301F-11D3-BF4B-00C04F79EFBC}") = "Core", "Core\Core.csproj", "{B4223F05-8069-487A-80FA-CA30406BD9DA}"
EndProject
Project("{FAE04EC0-301F-11D3-BF4B-00C04F79EFBC}") = "ConsoleUI", "ConsoleUI\ConsoleUI.csproj", "{584F13B6-AC08-4F81-A337-06F1B92534F9}"
EndProject
Project("{FAE04EC0-301F-11D3-BF4B-00C04F79EFBC}") = "Entities", "Entities\Entities.csproj", "{7E72E814-AFF8-42EE-9170-B457A73CFD16}"
EndProject
Project("{FAE04EC0-301F-11D3-BF4B-00C04F79EFBC}") = "WebAPI", "WebAPI\WebAPI.csproj", "{07BFB3C7-CD69-43D1-BE3A-514623C46518}"
EndProject
Global
	GlobalSection(SolutionConfigurationPlatforms) = preSolution
		Debug|Any CPU = Debug|Any CPU
		Release|Any CPU = Release|Any CPU
	EndGlobalSection
	GlobalSection(ProjectConfigurationPlatforms) = postSolution
		{CF89C7E3-9445-4D0C-B7D3-DF00515CF0D9}.Debug|Any CPU.ActiveCfg = Debug|Any CPU
		{CF89C7E3-9445-4D0C-B7D3-DF00515CF0D9}.Debug|Any CPU.Build.0 = Debug|Any CPU
		{CF89C7E3-9445-4D0C-B7D3-DF00515CF0D9}.Release|Any CPU.ActiveCfg = Release|Any CPU
		{CF89C7E3-9445-4D0C-B7D3-DF00515CF0D9}.Release|Any CPU.Build.0 = Release|Any CPU
		{4779F164-807B-46D7-8973-B971746F055C}.Debug|Any CPU.ActiveCfg = Debug|Any CPU
		{4779F164-807B-46D7-8973-B971746F055C}.Debug|Any CPU.Build.0 = Debug|Any CPU
		{4779F164-807B-46D7-8973-B971746F055C}.Release|Any CPU.ActiveCfg = Release|Any CPU
		{4779F164-807B-46D7-8973-B971746F055C}.Release|Any CPU.Build.0 = Release|Any CPU
		{B4223F05-8069-487A-80FA-CA30406BD9DA}.Debug|Any CPU.ActiveCfg = Debug|Any CPU
		{B4223F05-8069-487A-80FA-CA30406BD9DA}.Debug|Any CPU.Build.0 = Debug|Any CPU
		{B4223F05-8069-487A-80FA-CA30406BD9DA}.Release|Any CPU.ActiveCfg = Release|Any CPU
		{B4223F05-8069-487A-80FA-CA30406BD9DA}.Release|Any CPU.Build.0 = Release|Any CPU
		{584F13B6-AC08-4F81-A337-06F1B92534F9}.Debug|Any CPU.ActiveCfg = Debug|Any CPU
		{584F13B6-AC08-4F81-A337-06F1B92534F9}.Debug|Any CPU.Build.0 = Debug|Any CPU
		{584F13B6-AC08-4F81-A337-06F1B92534F9}.Release|Any CPU.ActiveCfg = Release|Any CPU
		{584F13B6-AC08-4F81-A337-06F1B92534F9}.Release|Any CPU.Build.0 = Release|Any CPU
		{7E72E814-AFF8-42EE-9170-B457A73CFD16}.Debug|Any CPU.ActiveCfg = Debug|Any CPU
		{7E72E814-AFF8-42EE-9170-B457A73CFD16}.Debug|Any CPU.Build.0 = Debug|Any CPU
		{7E72E814-AFF8-42EE-9170-B457A73CFD16}.Release|Any CPU.ActiveCfg = Release|Any CPU
		{7E72E814-AFF8-42EE-9170-B457A73CFD16}.Release|Any CPU.Build.0 = Release|Any CPU
		{07BFB3C7-CD69-43D1-BE3A-514623C46518}.Debug|Any CPU.ActiveCfg = Debug|Any CPU
		{07BFB3C7-CD69-43D1-BE3A-514623C46518}.Debug|Any CPU.Build.0 = Debug|Any CPU
		{07BFB3C7-CD69-43D1-BE3A-514623C46518}.Release|Any CPU.ActiveCfg = Release|Any CPU
		{07BFB3C7-CD69-43D1-BE3A-514623C46518}.Release|Any CPU.Build.0 = Release|Any CPU
	EndGlobalSection
	GlobalSection(SolutionProperties) = preSolution
		HideSolutionNode = FALSE
	EndGlobalSection
	GlobalSection(ExtensibilityGlobals) = postSolution
		SolutionGuid = {8CDBAF9B-85A7-4D61-9213-8561574286EA}
	EndGlobalSection
EndGlobal
